
Microsoft Visual Studio Solution File, Format Version 12.00
# Visual Studio Version 17
VisualStudioVersion = 17.5.33516.290
MinimumVisualStudioVersion = 10.0.40219.1
Project("{FAE04EC0-301F-11D3-BF4B-00C04F79EFBC}") = "Discord tracking bot", "Discord tracking bot\Discord tracking bot.csproj", "{6772D7B8-8B57-4081-AFAA-49AEFE554B88}"
EndProject
Project("{2150E333-8FDC-42A3-9474-1A3956D46DE8}") = "Solution Items", "Solution Items", "{4224F0C0-EEDF-46CE-9C21-DF57B10939BC}"
	ProjectSection(SolutionItems) = preProject
		.editorconfig = .editorconfig
	EndProjectSection
EndProject
Global
	GlobalSection(SolutionConfigurationPlatforms) = preSolution
		Debug|Any CPU = Debug|Any CPU
		Release|Any CPU = Release|Any CPU
	EndGlobalSection
	GlobalSection(ProjectConfigurationPlatforms) = postSolution
		{6772D7B8-8B57-4081-AFAA-49AEFE554B88}.Debug|Any CPU.ActiveCfg = Debug|Any CPU
		{6772D7B8-8B57-4081-AFAA-49AEFE554B88}.Debug|Any CPU.Build.0 = Debug|Any CPU
		{6772D7B8-8B57-4081-AFAA-49AEFE554B88}.Release|Any CPU.ActiveCfg = Release|Any CPU
		{6772D7B8-8B57-4081-AFAA-49AEFE554B88}.Release|Any CPU.Build.0 = Release|Any CPU
	EndGlobalSection
	GlobalSection(SolutionProperties) = preSolution
		HideSolutionNode = FALSE
	EndGlobalSection
	GlobalSection(ExtensibilityGlobals) = postSolution
		SolutionGuid = {CA7AEF66-B92D-4F0A-BBBA-646D541FCE5D}
	EndGlobalSection
EndGlobal
